// !$*UTF8*$!
{
	archiveVersion = 1;
	classes = {
	};
	objectVersion = 46;
	objects = {

/* Begin PBXBuildFile section */
		1B34B76D0DF4538E003E9403 /* Texture2D.m in Sources */ = {isa = PBXBuildFile; fileRef = 1B34B76C0DF4538E003E9403 /* Texture2D.m */; settings = {COMPILER_FLAGS = "-fno-objc-arc"; }; };
		1B34B77D0DF45428003E9403 /* CoreGraphics.framework in Frameworks */ = {isa = PBXBuildFile; fileRef = 1B34B7790DF45428003E9403 /* CoreGraphics.framework */; };
		1D3623260D0F684500981E51 /* TextureExtAppDelegate.m in Sources */ = {isa = PBXBuildFile; fileRef = 1D3623250D0F684500981E51 /* TextureExtAppDelegate.m */; };
		1D60589B0D05DD56006BFB54 /* main.m in Sources */ = {isa = PBXBuildFile; fileRef = 29B97316FDCFA39411CA2CEA /* main.m */; };
		1D60589F0D05DD5A006BFB54 /* Foundation.framework in Frameworks */ = {isa = PBXBuildFile; fileRef = 1D30AB110D05D00D00671497 /* Foundation.framework */; };
		1DF5F4E00D08C38300B7A737 /* UIKit.framework in Frameworks */ = {isa = PBXBuildFile; fileRef = 1DF5F4DF0D08C38300B7A737 /* UIKit.framework */; };
		28FD15000DC6FC520079059D /* OpenGLES.framework in Frameworks */ = {isa = PBXBuildFile; fileRef = 28FD14FF0DC6FC520079059D /* OpenGLES.framework */; };
		28FD15080DC6FC5B0079059D /* QuartzCore.framework in Frameworks */ = {isa = PBXBuildFile; fileRef = 28FD15070DC6FC5B0079059D /* QuartzCore.framework */; };
		4C58137B1449A76600EF1A47 /* wheel.png in Resources */ = {isa = PBXBuildFile; fileRef = 4C5813791449A76600EF1A47 /* wheel.png */; };
		4C58137C1449A76600EF1A47 /* wheel@2x.png in Resources */ = {isa = PBXBuildFile; fileRef = 4C58137A1449A76600EF1A47 /* wheel@2x.png */; };
		4C786A4418AAD4C400926A6E /* Main.storyboard in Resources */ = {isa = PBXBuildFile; fileRef = 4C786A4318AAD4C400926A6E /* Main.storyboard */; };
		4C786A4718AAD6A900926A6E /* ViewController.m in Sources */ = {isa = PBXBuildFile; fileRef = 4C786A4618AAD6A900926A6E /* ViewController.m */; };
		4C786A4918AAD9F900926A6E /* Default-568h@2x.png in Resources */ = {isa = PBXBuildFile; fileRef = 4C786A4818AAD9F900926A6E /* Default-568h@2x.png */; };
		4C786A4B18AADC3400926A6E /* GLKit.framework in Frameworks */ = {isa = PBXBuildFile; fileRef = 4C786A4A18AADC3400926A6E /* GLKit.framework */; };
		4C8E8C2D1451C69900E2E6A6 /* MyTexture2D.m in Sources */ = {isa = PBXBuildFile; fileRef = 4C8E8C2C1451C69900E2E6A6 /* MyTexture2D.m */; settings = {COMPILER_FLAGS = "-fno-objc-arc"; }; };
		4C8E8C301451CC7000E2E6A6 /* box.png in Resources */ = {isa = PBXBuildFile; fileRef = 4C8E8C2E1451CC7000E2E6A6 /* box.png */; };
		4C8E8C311451CC7000E2E6A6 /* box@2x.png in Resources */ = {isa = PBXBuildFile; fileRef = 4C8E8C2F1451CC7000E2E6A6 /* box@2x.png */; };
		4CB0F1F11455C80100167AA5 /* spritesheet.png in Resources */ = {isa = PBXBuildFile; fileRef = 4CB0F1EF1455C80100167AA5 /* spritesheet.png */; };
		4CB0F1F21455C80100167AA5 /* spritesheet@2x.png in Resources */ = {isa = PBXBuildFile; fileRef = 4CB0F1F01455C80100167AA5 /* spritesheet@2x.png */; };
		4CD09592147C5F74005CDFE4 /* textureatlas.txt in Resources */ = {isa = PBXBuildFile; fileRef = 4CD09591147C5F74005CDFE4 /* textureatlas.txt */; };
		4CD09595147C5F85005CDFE4 /* textureatlas.png in Resources */ = {isa = PBXBuildFile; fileRef = 4CD09593147C5F85005CDFE4 /* textureatlas.png */; };
		4CD09596147C5F85005CDFE4 /* textureatlas@2x.png in Resources */ = {isa = PBXBuildFile; fileRef = 4CD09594147C5F85005CDFE4 /* textureatlas@2x.png */; };
/* End PBXBuildFile section */

/* Begin PBXFileReference section */
		1B34B76B0DF4538E003E9403 /* Texture2D.h */ = {isa = PBXFileReference; fileEncoding = 4; lastKnownFileType = sourcecode.c.h; path = Texture2D.h; sourceTree = "<group>"; };
		1B34B76C0DF4538E003E9403 /* Texture2D.m */ = {isa = PBXFileReference; fileEncoding = 4; lastKnownFileType = sourcecode.c.objc; path = Texture2D.m; sourceTree = "<group>"; };
		1B34B7790DF45428003E9403 /* CoreGraphics.framework */ = {isa = PBXFileReference; lastKnownFileType = wrapper.framework; name = CoreGraphics.framework; path = System/Library/Frameworks/CoreGraphics.framework; sourceTree = SDKROOT; };
		1D30AB110D05D00D00671497 /* Foundation.framework */ = {isa = PBXFileReference; lastKnownFileType = wrapper.framework; name = Foundation.framework; path = System/Library/Frameworks/Foundation.framework; sourceTree = SDKROOT; };
		1D3623240D0F684500981E51 /* TextureExtAppDelegate.h */ = {isa = PBXFileReference; fileEncoding = 4; lastKnownFileType = sourcecode.c.h; path = TextureExtAppDelegate.h; sourceTree = "<group>"; };
		1D3623250D0F684500981E51 /* TextureExtAppDelegate.m */ = {isa = PBXFileReference; fileEncoding = 4; lastKnownFileType = sourcecode.c.objc; path = TextureExtAppDelegate.m; sourceTree = "<group>"; };
		1D6058910D05DD3D006BFB54 /* TextureExt.app */ = {isa = PBXFileReference; explicitFileType = wrapper.application; includeInIndex = 0; path = TextureExt.app; sourceTree = BUILT_PRODUCTS_DIR; };
		1DF5F4DF0D08C38300B7A737 /* UIKit.framework */ = {isa = PBXFileReference; lastKnownFileType = wrapper.framework; name = UIKit.framework; path = System/Library/Frameworks/UIKit.framework; sourceTree = SDKROOT; };
		28FD14FF0DC6FC520079059D /* OpenGLES.framework */ = {isa = PBXFileReference; lastKnownFileType = wrapper.framework; name = OpenGLES.framework; path = System/Library/Frameworks/OpenGLES.framework; sourceTree = SDKROOT; };
		28FD15070DC6FC5B0079059D /* QuartzCore.framework */ = {isa = PBXFileReference; lastKnownFileType = wrapper.framework; name = QuartzCore.framework; path = System/Library/Frameworks/QuartzCore.framework; sourceTree = SDKROOT; };
		29B97316FDCFA39411CA2CEA /* main.m */ = {isa = PBXFileReference; fileEncoding = 4; lastKnownFileType = sourcecode.c.objc; path = main.m; sourceTree = "<group>"; };
		32CA4F630368D1EE00C91783 /* TextureExt_Prefix.pch */ = {isa = PBXFileReference; fileEncoding = 4; lastKnownFileType = sourcecode.c.h; path = TextureExt_Prefix.pch; sourceTree = "<group>"; };
		4C5813791449A76600EF1A47 /* wheel.png */ = {isa = PBXFileReference; lastKnownFileType = image.png; name = wheel.png; path = Images/wheel.png; sourceTree = "<group>"; };
		4C58137A1449A76600EF1A47 /* wheel@2x.png */ = {isa = PBXFileReference; lastKnownFileType = image.png; name = "wheel@2x.png"; path = "Images/wheel@2x.png"; sourceTree = "<group>"; };
		4C786A4318AAD4C400926A6E /* Main.storyboard */ = {isa = PBXFileReference; fileEncoding = 4; lastKnownFileType = file.storyboard; path = Main.storyboard; sourceTree = "<group>"; };
		4C786A4518AAD6A900926A6E /* ViewController.h */ = {isa = PBXFileReference; fileEncoding = 4; lastKnownFileType = sourcecode.c.h; path = ViewController.h; sourceTree = SOURCE_ROOT; };
		4C786A4618AAD6A900926A6E /* ViewController.m */ = {isa = PBXFileReference; fileEncoding = 4; lastKnownFileType = sourcecode.c.objc; path = ViewController.m; sourceTree = SOURCE_ROOT; };
		4C786A4818AAD9F900926A6E /* Default-568h@2x.png */ = {isa = PBXFileReference; lastKnownFileType = image.png; path = "Default-568h@2x.png"; sourceTree = "<group>"; };
		4C786A4A18AADC3400926A6E /* GLKit.framework */ = {isa = PBXFileReference; lastKnownFileType = wrapper.framework; name = GLKit.framework; path = System/Library/Frameworks/GLKit.framework; sourceTree = SDKROOT; };
		4C8E8C2B1451C69900E2E6A6 /* MyTexture2D.h */ = {isa = PBXFileReference; fileEncoding = 4; lastKnownFileType = sourcecode.c.h; path = MyTexture2D.h; sourceTree = "<group>"; };
		4C8E8C2C1451C69900E2E6A6 /* MyTexture2D.m */ = {isa = PBXFileReference; fileEncoding = 4; lastKnownFileType = sourcecode.c.objc; path = MyTexture2D.m; sourceTree = "<group>"; };
		4C8E8C2E1451CC7000E2E6A6 /* box.png */ = {isa = PBXFileReference; lastKnownFileType = image.png; name = box.png; path = Images/box.png; sourceTree = "<group>"; };
		4C8E8C2F1451CC7000E2E6A6 /* box@2x.png */ = {isa = PBXFileReference; lastKnownFileType = image.png; name = "box@2x.png"; path = "Images/box@2x.png"; sourceTree = "<group>"; };
		4CB0F1EF1455C80100167AA5 /* spritesheet.png */ = {isa = PBXFileReference; lastKnownFileType = image.png; name = spritesheet.png; path = Images/spritesheet.png; sourceTree = "<group>"; };
		4CB0F1F01455C80100167AA5 /* spritesheet@2x.png */ = {isa = PBXFileReference; lastKnownFileType = image.png; name = "spritesheet@2x.png"; path = "Images/spritesheet@2x.png"; sourceTree = "<group>"; };
		4CD09591147C5F74005CDFE4 /* textureatlas.txt */ = {isa = PBXFileReference; fileEncoding = 4; lastKnownFileType = text; name = textureatlas.txt; path = Images/textureatlas.txt; sourceTree = "<group>"; };
		4CD09593147C5F85005CDFE4 /* textureatlas.png */ = {isa = PBXFileReference; lastKnownFileType = image.png; name = textureatlas.png; path = Images/textureatlas.png; sourceTree = "<group>"; };
		4CD09594147C5F85005CDFE4 /* textureatlas@2x.png */ = {isa = PBXFileReference; lastKnownFileType = image.png; name = "textureatlas@2x.png"; path = "Images/textureatlas@2x.png"; sourceTree = "<group>"; };
		8D1107310486CEB800E47090 /* Info.plist */ = {isa = PBXFileReference; fileEncoding = 4; lastKnownFileType = text.plist.xml; path = Info.plist; sourceTree = "<group>"; };
/* End PBXFileReference section */

/* Begin PBXFrameworksBuildPhase section */
		1D60588F0D05DD3D006BFB54 /* Frameworks */ = {
			isa = PBXFrameworksBuildPhase;
			buildActionMask = 2147483647;
			files = (
				4C786A4B18AADC3400926A6E /* GLKit.framework in Frameworks */,
				1D60589F0D05DD5A006BFB54 /* Foundation.framework in Frameworks */,
				1DF5F4E00D08C38300B7A737 /* UIKit.framework in Frameworks */,
				28FD15000DC6FC520079059D /* OpenGLES.framework in Frameworks */,
				28FD15080DC6FC5B0079059D /* QuartzCore.framework in Frameworks */,
				1B34B77D0DF45428003E9403 /* CoreGraphics.framework in Frameworks */,
			);
			runOnlyForDeploymentPostprocessing = 0;
		};
/* End PBXFrameworksBuildPhase section */

/* Begin PBXGroup section */
		080E96DDFE201D6D7F000001 /* Classes */ = {
			isa = PBXGroup;
			children = (
				1D3623240D0F684500981E51 /* TextureExtAppDelegate.h */,
				1D3623250D0F684500981E51 /* TextureExtAppDelegate.m */,
				4C786A4518AAD6A900926A6E /* ViewController.h */,
				4C786A4618AAD6A900926A6E /* ViewController.m */,
				1B34B76B0DF4538E003E9403 /* Texture2D.h */,
				1B34B76C0DF4538E003E9403 /* Texture2D.m */,
				4C8E8C2B1451C69900E2E6A6 /* MyTexture2D.h */,
				4C8E8C2C1451C69900E2E6A6 /* MyTexture2D.m */,
			);
			path = Classes;
			sourceTree = "<group>";
		};
		19C28FACFE9D520D11CA2CBB /* Products */ = {
			isa = PBXGroup;
			children = (
				1D6058910D05DD3D006BFB54 /* TextureExt.app */,
			);
			name = Products;
			sourceTree = "<group>";
		};
		1B34B7350DF452DA003E9403 /* Images */ = {
			isa = PBXGroup;
			children = (
				4C786A4818AAD9F900926A6E /* Default-568h@2x.png */,
				4C8E8C2E1451CC7000E2E6A6 /* box.png */,
				4C8E8C2F1451CC7000E2E6A6 /* box@2x.png */,
				4C5813791449A76600EF1A47 /* wheel.png */,
				4C58137A1449A76600EF1A47 /* wheel@2x.png */,
				4CB0F1EF1455C80100167AA5 /* spritesheet.png */,
				4CB0F1F01455C80100167AA5 /* spritesheet@2x.png */,
				4CD09593147C5F85005CDFE4 /* textureatlas.png */,
				4CD09594147C5F85005CDFE4 /* textureatlas@2x.png */,
			);
			name = Images;
			sourceTree = "<group>";
		};
		29B97314FDCFA39411CA2CEA /* CustomTemplate */ = {
			isa = PBXGroup;
			children = (
				080E96DDFE201D6D7F000001 /* Classes */,
				29B97315FDCFA39411CA2CEA /* Other Sources */,
				29B97317FDCFA39411CA2CEA /* Resources */,
				29B97323FDCFA39411CA2CEA /* Frameworks */,
				19C28FACFE9D520D11CA2CBB /* Products */,
			);
			name = CustomTemplate;
			sourceTree = "<group>";
		};
		29B97315FDCFA39411CA2CEA /* Other Sources */ = {
			isa = PBXGroup;
			children = (
				32CA4F630368D1EE00C91783 /* TextureExt_Prefix.pch */,
				29B97316FDCFA39411CA2CEA /* main.m */,
			);
			name = "Other Sources";
			sourceTree = "<group>";
		};
		29B97317FDCFA39411CA2CEA /* Resources */ = {
			isa = PBXGroup;
			children = (
				1B34B7350DF452DA003E9403 /* Images */,
				4C786A4318AAD4C400926A6E /* Main.storyboard */,
				8D1107310486CEB800E47090 /* Info.plist */,
				4CD09591147C5F74005CDFE4 /* textureatlas.txt */,
			);
			name = Resources;
			sourceTree = "<group>";
		};
		29B97323FDCFA39411CA2CEA /* Frameworks */ = {
			isa = PBXGroup;
			children = (
				4C786A4A18AADC3400926A6E /* GLKit.framework */,
				1D30AB110D05D00D00671497 /* Foundation.framework */,
				1B34B7790DF45428003E9403 /* CoreGraphics.framework */,
				1DF5F4DF0D08C38300B7A737 /* UIKit.framework */,
				28FD15070DC6FC5B0079059D /* QuartzCore.framework */,
				28FD14FF0DC6FC520079059D /* OpenGLES.framework */,
			);
			name = Frameworks;
			sourceTree = "<group>";
		};
/* End PBXGroup section */

/* Begin PBXNativeTarget section */
		1D6058900D05DD3D006BFB54 /* TextureExt */ = {
			isa = PBXNativeTarget;
			buildConfigurationList = 1D6058960D05DD3E006BFB54 /* Build configuration list for PBXNativeTarget "TextureExt" */;
			buildPhases = (
				1D60588D0D05DD3D006BFB54 /* Resources */,
				1D60588E0D05DD3D006BFB54 /* Sources */,
				1D60588F0D05DD3D006BFB54 /* Frameworks */,
			);
			buildRules = (
			);
			dependencies = (
			);
			name = TextureExt;
			productName = CrashLanding;
			productReference = 1D6058910D05DD3D006BFB54 /* TextureExt.app */;
			productType = "com.apple.product-type.application";
		};
/* End PBXNativeTarget section */

/* Begin PBXProject section */
		29B97313FDCFA39411CA2CEA /* Project object */ = {
			isa = PBXProject;
			attributes = {
				LastUpgradeCheck = 0420;
			};
			buildConfigurationList = C01FCF4E08A954540054247B /* Build configuration list for PBXProject "TextureExt" */;
			compatibilityVersion = "Xcode 3.2";
			developmentRegion = English;
			hasScannedForEncodings = 1;
			knownRegions = (
				en,
			);
			mainGroup = 29B97314FDCFA39411CA2CEA /* CustomTemplate */;
			projectDirPath = "";
			projectRoot = "";
			targets = (
				1D6058900D05DD3D006BFB54 /* TextureExt */,
			);
		};
/* End PBXProject section */

/* Begin PBXResourcesBuildPhase section */
		1D60588D0D05DD3D006BFB54 /* Resources */ = {
			isa = PBXResourcesBuildPhase;
			buildActionMask = 2147483647;
			files = (
				4C58137B1449A76600EF1A47 /* wheel.png in Resources */,
				4C58137C1449A76600EF1A47 /* wheel@2x.png in Resources */,
				4C8E8C301451CC7000E2E6A6 /* box.png in Resources */,
				4C8E8C311451CC7000E2E6A6 /* box@2x.png in Resources */,
				4C786A4918AAD9F900926A6E /* Default-568h@2x.png in Resources */,
				4C786A4418AAD4C400926A6E /* Main.storyboard in Resources */,
				4CB0F1F11455C80100167AA5 /* spritesheet.png in Resources */,
				4CB0F1F21455C80100167AA5 /* spritesheet@2x.png in Resources */,
				4CD09592147C5F74005CDFE4 /* textureatlas.txt in Resources */,
				4CD09595147C5F85005CDFE4 /* textureatlas.png in Resources */,
				4CD09596147C5F85005CDFE4 /* textureatlas@2x.png in Resources */,
			);
			runOnlyForDeploymentPostprocessing = 0;
		};
/* End PBXResourcesBuildPhase section */

/* Begin PBXSourcesBuildPhase section */
		1D60588E0D05DD3D006BFB54 /* Sources */ = {
			isa = PBXSourcesBuildPhase;
			buildActionMask = 2147483647;
			files = (
				4C786A4718AAD6A900926A6E /* ViewController.m in Sources */,
				1D60589B0D05DD56006BFB54 /* main.m in Sources */,
				1D3623260D0F684500981E51 /* TextureExtAppDelegate.m in Sources */,
				1B34B76D0DF4538E003E9403 /* Texture2D.m in Sources */,
				4C8E8C2D1451C69900E2E6A6 /* MyTexture2D.m in Sources */,
			);
			runOnlyForDeploymentPostprocessing = 0;
		};
/* End PBXSourcesBuildPhase section */

/* Begin XCBuildConfiguration section */
		1D6058940D05DD3E006BFB54 /* Debug */ = {
			isa = XCBuildConfiguration;
			buildSettings = {
				ALWAYS_SEARCH_USER_PATHS = NO;
				CLANG_ENABLE_OBJC_ARC = YES;
				COPY_PHASE_STRIP = NO;
				GCC_DYNAMIC_NO_PIC = NO;
				GCC_OPTIMIZATION_LEVEL = 0;
				GCC_PRECOMPILE_PREFIX_HEADER = YES;
				GCC_PREFIX_HEADER = TextureExt_Prefix.pch;
				GCC_VERSION = com.apple.compilers.llvm.clang.1_0;
				INFOPLIST_FILE = Info.plist;
				IPHONEOS_DEPLOYMENT_TARGET = 5.0;
				PRODUCT_NAME = TextureExt;
			};
			name = Debug;
		};
		1D6058950D05DD3E006BFB54 /* Release */ = {
			isa = XCBuildConfiguration;
			buildSettings = {
				ALWAYS_SEARCH_USER_PATHS = NO;
				CLANG_ENABLE_OBJC_ARC = YES;
				COPY_PHASE_STRIP = YES;
				GCC_PRECOMPILE_PREFIX_HEADER = YES;
				GCC_PREFIX_HEADER = TextureExt_Prefix.pch;
				GCC_VERSION = com.apple.compilers.llvm.clang.1_0;
				INFOPLIST_FILE = Info.plist;
				IPHONEOS_DEPLOYMENT_TARGET = 5.0;
				PRODUCT_NAME = TextureExt;
			};
			name = Release;
		};
		C01FCF4F08A954540054247B /* Debug */ = {
			isa = XCBuildConfiguration;
			buildSettings = {
				ARCHS = "$(ARCHS_STANDARD_32_BIT)";
				"CODE_SIGN_IDENTITY[sdk=iphoneos*]" = "iPhone Developer";
				GCC_C_LANGUAGE_STANDARD = c99;
				GCC_WARN_ABOUT_RETURN_TYPE = YES;
				GCC_WARN_UNUSED_VARIABLE = YES;
				ONLY_ACTIVE_ARCH = YES;
				SDKROOT = iphoneos;
			};
			name = Debug;
		};
		C01FCF5008A954540054247B /* Release */ = {
			isa = XCBuildConfiguration;
			buildSettings = {
				ARCHS = "$(ARCHS_STANDARD_32_BIT)";
				"CODE_SIGN_IDENTITY[sdk=iphoneos*]" = "iPhone Developer";
				GCC_C_LANGUAGE_STANDARD = c99;
				GCC_WARN_ABOUT_RETURN_TYPE = YES;
				GCC_WARN_UNUSED_VARIABLE = YES;
				SDKROOT = iphoneos;
			};
			name = Release;
		};
/* End XCBuildConfiguration section */

/* Begin XCConfigurationList section */
		1D6058960D05DD3E006BFB54 /* Build configuration list for PBXNativeTarget "TextureExt" */ = {
			isa = XCConfigurationList;
			buildConfigurations = (
				1D6058940D05DD3E006BFB54 /* Debug */,
				1D6058950D05DD3E006BFB54 /* Release */,
			);
			defaultConfigurationIsVisible = 0;
			defaultConfigurationName = Release;
		};
		C01FCF4E08A954540054247B /* Build configuration list for PBXProject "TextureExt" */ = {
			isa = XCConfigurationList;
			buildConfigurations = (
				C01FCF4F08A954540054247B /* Debug */,
				C01FCF5008A954540054247B /* Release */,
			);
			defaultConfigurationIsVisible = 0;
			defaultConfigurationName = Release;
		};
/* End XCConfigurationList section */
	};
	rootObject = 29B97313FDCFA39411CA2CEA /* Project object */;
}
